
Microsoft Visual Studio Solution File, Format Version 12.00
# Visual Studio Version 17
VisualStudioVersion = 17.8.34525.116
MinimumVisualStudioVersion = 10.0.40219.1
Project("{FAE04EC0-301F-11D3-BF4B-00C04F79EFBC}") = "GenericsHomework", "GenericsHomework\GenericsHomework.csproj", "{5406666C-0B50-4A1E-A916-B665D91918CD}"
EndProject
Project("{FAE04EC0-301F-11D3-BF4B-00C04F79EFBC}") = "GenericsHomework.Tests", "GenericsHomework.Tests\GenericsHomework.Tests.csproj", "{DE41385F-0D3D-4896-83F7-626701D26CD1}"
EndProject
Global
	GlobalSection(SolutionConfigurationPlatforms) = preSolution
		Debug|Any CPU = Debug|Any CPU
		Release|Any CPU = Release|Any CPU
	EndGlobalSection
	GlobalSection(ProjectConfigurationPlatforms) = postSolution
		{5406666C-0B50-4A1E-A916-B665D91918CD}.Debug|Any CPU.ActiveCfg = Debug|Any CPU
		{5406666C-0B50-4A1E-A916-B665D91918CD}.Debug|Any CPU.Build.0 = Debug|Any CPU
		{5406666C-0B50-4A1E-A916-B665D91918CD}.Release|Any CPU.ActiveCfg = Release|Any CPU
		{5406666C-0B50-4A1E-A916-B665D91918CD}.Release|Any CPU.Build.0 = Release|Any CPU
		{DE41385F-0D3D-4896-83F7-626701D26CD1}.Debug|Any CPU.ActiveCfg = Debug|Any CPU
		{DE41385F-0D3D-4896-83F7-626701D26CD1}.Debug|Any CPU.Build.0 = Debug|Any CPU
		{DE41385F-0D3D-4896-83F7-626701D26CD1}.Release|Any CPU.ActiveCfg = Release|Any CPU
		{DE41385F-0D3D-4896-83F7-626701D26CD1}.Release|Any CPU.Build.0 = Release|Any CPU
	EndGlobalSection
	GlobalSection(SolutionProperties) = preSolution
		HideSolutionNode = FALSE
	EndGlobalSection
	GlobalSection(ExtensibilityGlobals) = postSolution
		SolutionGuid = {60863DA9-A837-4455-B551-6F5775BAE372}
	EndGlobalSection
EndGlobal
